
Microsoft Visual Studio Solution File, Format Version 12.00
Project("{2150E333-8FDC-42A3-9474-1A3956D46DE8}") = "Core", "Core", "{11F7DAEF-55AE-4ABF-AAAF-E150C191D44C}"
EndProject
Project("{2150E333-8FDC-42A3-9474-1A3956D46DE8}") = "Infrastructure", "Infrastructure", "{B250F49D-EE80-45CE-8A51-B9FC152FD0A5}"
EndProject
Project("{2150E333-8FDC-42A3-9474-1A3956D46DE8}") = "Presentation", "Presentation", "{071F3BE6-8009-4B0E-9E22-7294CE3313BA}"
EndProject
Project("{FAE04EC0-301F-11D3-BF4B-00C04F79EFBC}") = "FonTech.Api", "FonTech.Api\FonTech.Api.csproj", "{49D9F999-8B2D-4242-8B69-7F24E2A7340B}"
EndProject
Project("{FAE04EC0-301F-11D3-BF4B-00C04F79EFBC}") = "FonTech.Domain", "FonTech.Domain\FonTech.Domain.csproj", "{5A470395-540D-4C4C-9482-5E60209E3949}"
EndProject
Project("{FAE04EC0-301F-11D3-BF4B-00C04F79EFBC}") = "FonTech.DAL", "FonTech.DAL\FonTech.DAL.csproj", "{00FAEDD2-4349-49F7-B2F0-57339A0514A3}"
EndProject
Project("{FAE04EC0-301F-11D3-BF4B-00C04F79EFBC}") = "FonTech.Application", "FonTech.Application\FonTech.Application.csproj", "{1EFB3F8F-8DC5-4433-A3EE-6C1E7062F730}"
EndProject
Project("{FAE04EC0-301F-11D3-BF4B-00C04F79EFBC}") = "FonTech.Producer", "FonTech.Producer\FonTech.Producer.csproj", "{67C05BAD-66A5-47B6-921E-3B6D895DAD8F}"
EndProject
Project("{FAE04EC0-301F-11D3-BF4B-00C04F79EFBC}") = "FonTech.Consumer", "FonTech.Consumer\FonTech.Consumer.csproj", "{1176CB94-4446-4195-8E7B-D42DFD0110BC}"
EndProject
Global
	GlobalSection(SolutionConfigurationPlatforms) = preSolution
		Debug|Any CPU = Debug|Any CPU
		Release|Any CPU = Release|Any CPU
	EndGlobalSection
	GlobalSection(NestedProjects) = preSolution
		{49D9F999-8B2D-4242-8B69-7F24E2A7340B} = {071F3BE6-8009-4B0E-9E22-7294CE3313BA}
		{5A470395-540D-4C4C-9482-5E60209E3949} = {11F7DAEF-55AE-4ABF-AAAF-E150C191D44C}
		{00FAEDD2-4349-49F7-B2F0-57339A0514A3} = {B250F49D-EE80-45CE-8A51-B9FC152FD0A5}
		{1EFB3F8F-8DC5-4433-A3EE-6C1E7062F730} = {11F7DAEF-55AE-4ABF-AAAF-E150C191D44C}
		{67C05BAD-66A5-47B6-921E-3B6D895DAD8F} = {B250F49D-EE80-45CE-8A51-B9FC152FD0A5}
		{1176CB94-4446-4195-8E7B-D42DFD0110BC} = {B250F49D-EE80-45CE-8A51-B9FC152FD0A5}
	EndGlobalSection
	GlobalSection(ProjectConfigurationPlatforms) = postSolution
		{49D9F999-8B2D-4242-8B69-7F24E2A7340B}.Debug|Any CPU.ActiveCfg = Debug|Any CPU
		{49D9F999-8B2D-4242-8B69-7F24E2A7340B}.Debug|Any CPU.Build.0 = Debug|Any CPU
		{49D9F999-8B2D-4242-8B69-7F24E2A7340B}.Release|Any CPU.ActiveCfg = Release|Any CPU
		{49D9F999-8B2D-4242-8B69-7F24E2A7340B}.Release|Any CPU.Build.0 = Release|Any CPU
		{5A470395-540D-4C4C-9482-5E60209E3949}.Debug|Any CPU.ActiveCfg = Debug|Any CPU
		{5A470395-540D-4C4C-9482-5E60209E3949}.Debug|Any CPU.Build.0 = Debug|Any CPU
		{5A470395-540D-4C4C-9482-5E60209E3949}.Release|Any CPU.ActiveCfg = Release|Any CPU
		{5A470395-540D-4C4C-9482-5E60209E3949}.Release|Any CPU.Build.0 = Release|Any CPU
		{00FAEDD2-4349-49F7-B2F0-57339A0514A3}.Debug|Any CPU.ActiveCfg = Debug|Any CPU
		{00FAEDD2-4349-49F7-B2F0-57339A0514A3}.Debug|Any CPU.Build.0 = Debug|Any CPU
		{00FAEDD2-4349-49F7-B2F0-57339A0514A3}.Release|Any CPU.ActiveCfg = Release|Any CPU
		{00FAEDD2-4349-49F7-B2F0-57339A0514A3}.Release|Any CPU.Build.0 = Release|Any CPU
		{1EFB3F8F-8DC5-4433-A3EE-6C1E7062F730}.Debug|Any CPU.ActiveCfg = Debug|Any CPU
		{1EFB3F8F-8DC5-4433-A3EE-6C1E7062F730}.Debug|Any CPU.Build.0 = Debug|Any CPU
		{1EFB3F8F-8DC5-4433-A3EE-6C1E7062F730}.Release|Any CPU.ActiveCfg = Release|Any CPU
		{1EFB3F8F-8DC5-4433-A3EE-6C1E7062F730}.Release|Any CPU.Build.0 = Release|Any CPU
		{67C05BAD-66A5-47B6-921E-3B6D895DAD8F}.Debug|Any CPU.ActiveCfg = Debug|Any CPU
		{67C05BAD-66A5-47B6-921E-3B6D895DAD8F}.Debug|Any CPU.Build.0 = Debug|Any CPU
		{67C05BAD-66A5-47B6-921E-3B6D895DAD8F}.Release|Any CPU.ActiveCfg = Release|Any CPU
		{67C05BAD-66A5-47B6-921E-3B6D895DAD8F}.Release|Any CPU.Build.0 = Release|Any CPU
		{1176CB94-4446-4195-8E7B-D42DFD0110BC}.Debug|Any CPU.ActiveCfg = Debug|Any CPU
		{1176CB94-4446-4195-8E7B-D42DFD0110BC}.Debug|Any CPU.Build.0 = Debug|Any CPU
		{1176CB94-4446-4195-8E7B-D42DFD0110BC}.Release|Any CPU.ActiveCfg = Release|Any CPU
		{1176CB94-4446-4195-8E7B-D42DFD0110BC}.Release|Any CPU.Build.0 = Release|Any CPU
	EndGlobalSection
EndGlobal
